<?xml version="1.0" encoding="utf-8"?>
<Project ToolsVersion="4.0" xmlns="http://schemas.microsoft.com/developer/msbuild/2003">
  <ItemGroup>
    <Filter Include="External">
      <UniqueIdentifier>{67DA6AB6-F800-4c08-8B7A-83BB121AAD01}</UniqueIdentifier>
      <Extensions>rc;ico;cur;bmp;dlg;rc2;rct;bin;rgs;gif;jpg;jpeg;jpe;resx;tiff;tif;png;wav;mfcribbon-ms</Extensions>
    </Filter>
    <Filter Include="Source">
      <UniqueIdentifier>{4FC737F1-C7A5-4376-A066-2A32D752A2FF}</UniqueIdentifier>
      <Extensions>cpp;c;cc;cxx;def;odl;idl;hpj;bat;asm;asmx</Extensions>
    </Filter>
    <Filter Include="HLSL">
      <UniqueIdentifier>{9f64f4ff-d9e0-43d7-88e1-13e6d3656a89}</UniqueIdentifier>
      <Extensions>hlsl;hlsli</Extensions>
    </Filter>
    <Filter Include="External\imgui">
      <UniqueIdentifier>{c85446c9-90d2-4441-add5-5aac511d95ce}</UniqueIdentifier>
    </Filter>
    <Filter Include="External\DirectXTex">
      <UniqueIdentifier>{8dd0c8ba-1f1c-4648-8a04-c28bb5a1c75a}</UniqueIdentifier>
    </Filter>
    <Filter Include="Source\Input">
      <UniqueIdentifier>{1922815d-5a70-4f38-9fbd-fb6e72c44df0}</UniqueIdentifier>
    </Filter>
    <Filter Include="Source\Graphics">
      <UniqueIdentifier>{2ac7cb79-cb10-43d1-856f-e51f0f698e73}</UniqueIdentifier>
    </Filter>
    <Filter Include="Source\Audio">
      <UniqueIdentifier>{dfdec87c-66e2-424a-8126-477d89e5eb73}</UniqueIdentifier>
    </Filter>
    <Filter Include="Source\Camera">
      <UniqueIdentifier>{d11fcd7c-9b5a-4bdc-b4f4-92754a177f82}</UniqueIdentifier>
    </Filter>
    <Filter Include="Source\Character">
      <UniqueIdentifier>{f10dd327-6a10-44b1-8009-203d11282ccd}</UniqueIdentifier>
    </Filter>
    <Filter Include="Source\Projectile">
      <UniqueIdentifier>{9c277faa-ffd5-46e8-a046-dfd2b57b15ab}</UniqueIdentifier>
    </Filter>
    <Filter Include="Source\Scene">
      <UniqueIdentifier>{e1bcb5d8-38f4-46d3-85f1-0c32e03a6944}</UniqueIdentifier>
    </Filter>
    <Filter Include="Source\Stage">
      <UniqueIdentifier>{a9647161-31ae-4baa-8c5d-d609d199962b}</UniqueIdentifier>
    </Filter>
    <Filter Include="Source\UI">
      <UniqueIdentifier>{b7fd6358-e7f5-463b-90b6-c656d4353143}</UniqueIdentifier>
    </Filter>
    <Filter Include="Source\Effect">
      <UniqueIdentifier>{e88a86d3-63f4-4a8f-8e82-3a3ea9b4dd58}</UniqueIdentifier>
    </Filter>
    <Filter Include="Source\other">
      <UniqueIdentifier>{3eefc3cb-27c9-4131-8aed-a831fbbbb60c}</UniqueIdentifier>
    </Filter>
  </ItemGroup>
  <ItemGroup>
    <ClInclude Include="External\imgui\imconfig.h">
      <Filter>External\imgui</Filter>
    </ClInclude>
    <ClInclude Include="External\imgui\imgui.h">
      <Filter>External\imgui</Filter>
    </ClInclude>
    <ClInclude Include="External\imgui\imgui_internal.h">
      <Filter>External\imgui</Filter>
    </ClInclude>
    <ClInclude Include="External\imgui\imstb_rectpack.h">
      <Filter>External\imgui</Filter>
    </ClInclude>
    <ClInclude Include="External\imgui\imstb_textedit.h">
      <Filter>External\imgui</Filter>
    </ClInclude>
    <ClInclude Include="External\imgui\imstb_truetype.h">
      <Filter>External\imgui</Filter>
    </ClInclude>
    <ClInclude Include="External\DirectXTex\WICTextureLoader.h">
      <Filter>External\DirectXTex</Filter>
    </ClInclude>
    <ClInclude Include="Source\Input\GamePad.h">
      <Filter>Source\Input</Filter>
    </ClInclude>
    <ClInclude Include="Source\Graphics\DebugRenderer.h">
      <Filter>Source\Graphics</Filter>
    </ClInclude>
    <ClInclude Include="Source\Graphics\Graphics.h">
      <Filter>Source\Graphics</Filter>
    </ClInclude>
    <ClInclude Include="Source\Graphics\ImGuiRenderer.h">
      <Filter>Source\Graphics</Filter>
    </ClInclude>
    <ClInclude Include="Source\Graphics\LambertShader.h">
      <Filter>Source\Graphics</Filter>
    </ClInclude>
    <ClInclude Include="Source\Graphics\Model.h">
      <Filter>Source\Graphics</Filter>
    </ClInclude>
    <ClInclude Include="Source\Graphics\ModelResource.h">
      <Filter>Source\Graphics</Filter>
    </ClInclude>
    <ClInclude Include="Source\Graphics\Shader.h">
      <Filter>Source\Graphics</Filter>
    </ClInclude>
    <ClInclude Include="Source\Input\Input.h">
      <Filter>Source\Input</Filter>
    </ClInclude>
    <ClInclude Include="Source\Graphics\RenderContext.h">
      <Filter>Source\Graphics</Filter>
    </ClInclude>
    <ClInclude Include="Source\Graphics\LineRenderer.h">
      <Filter>Source\Graphics</Filter>
    </ClInclude>
    <ClInclude Include="Source\Graphics\Sprite.h">
      <Filter>Source\Graphics</Filter>
    </ClInclude>
    <ClInclude Include="Source\Audio\Audio.h">
      <Filter>Source\Audio</Filter>
    </ClInclude>
    <ClInclude Include="Source\Audio\AudioResource.h">
      <Filter>Source\Audio</Filter>
    </ClInclude>
    <ClInclude Include="Source\Audio\AudioSource.h">
      <Filter>Source\Audio</Filter>
    </ClInclude>
    <ClInclude Include="Source\Input\Mouse.h">
      <Filter>Source\Input</Filter>
    </ClInclude>
    <ClInclude Include="Source\Camera.h">
      <Filter>Source\Camera</Filter>
    </ClInclude>
    <ClInclude Include="Source\CameraController.h">
      <Filter>Source\Camera</Filter>
    </ClInclude>
    <ClInclude Include="Source\Character.h">
      <Filter>Source\Character</Filter>
    </ClInclude>
    <ClInclude Include="Source\Enemy.h">
      <Filter>Source\Character</Filter>
    </ClInclude>
    <ClInclude Include="Source\EnemySlime.h">
      <Filter>Source\Character</Filter>
    </ClInclude>
    <ClInclude Include="Source\EnemyManager.h">
      <Filter>Source\Character</Filter>
    </ClInclude>
    <ClInclude Include="Source\Player.h">
      <Filter>Source\Character</Filter>
    </ClInclude>
    <ClInclude Include="Source\Projectile.h">
      <Filter>Source\Projectile</Filter>
    </ClInclude>
    <ClInclude Include="Source\ProjectileHoming.h">
      <Filter>Source\Projectile</Filter>
    </ClInclude>
    <ClInclude Include="Source\ProjectileManager.h">
      <Filter>Source\Projectile</Filter>
    </ClInclude>
    <ClInclude Include="Source\ProjectileStraight.h">
      <Filter>Source\Projectile</Filter>
    </ClInclude>
    <ClInclude Include="Source\Scene.h">
      <Filter>Source\Scene</Filter>
    </ClInclude>
    <ClInclude Include="Source\SceneGame.h">
      <Filter>Source\Scene</Filter>
    </ClInclude>
    <ClInclude Include="Source\SceneLoading.h">
      <Filter>Source\Scene</Filter>
    </ClInclude>
    <ClInclude Include="Source\SceneManager.h">
      <Filter>Source\Scene</Filter>
    </ClInclude>
    <ClInclude Include="Source\SceneTitle.h">
      <Filter>Source\Scene</Filter>
    </ClInclude>
    <ClInclude Include="Source\Stage.h">
      <Filter>Source\Stage</Filter>
    </ClInclude>
    <ClInclude Include="Source\StageFind.h">
      <Filter>Source\Stage</Filter>
    </ClInclude>
    <ClInclude Include="Source\StageMain.h">
      <Filter>Source\Stage</Filter>
    </ClInclude>
    <ClInclude Include="Source\StageManager.h">
      <Filter>Source\Stage</Filter>
    </ClInclude>
    <ClInclude Include="Source\StageMoveFloor.h">
      <Filter>Source\Stage</Filter>
    </ClInclude>
    <ClInclude Include="Source\UI.h">
      <Filter>Source\UI</Filter>
    </ClInclude>
    <ClInclude Include="Source\UI_Clock.h">
      <Filter>Source\UI</Filter>
    </ClInclude>
    <ClInclude Include="Source\UI_DisItems.h">
      <Filter>Source\UI</Filter>
    </ClInclude>
    <ClInclude Include="Source\UIManager.h">
      <Filter>Source\UI</Filter>
    </ClInclude>
    <ClInclude Include="Source\Effect.h">
      <Filter>Source\Effect</Filter>
    </ClInclude>
    <ClInclude Include="Source\EffectManager.h">
      <Filter>Source\Effect</Filter>
    </ClInclude>
    <ClInclude Include="Source\Collision.h">
      <Filter>Source\other</Filter>
    </ClInclude>
    <ClInclude Include="Source\Framework.h">
      <Filter>Source\other</Filter>
    </ClInclude>
    <ClInclude Include="Source\HighResolutionTimer.h">
      <Filter>Source\other</Filter>
    </ClInclude>
    <ClInclude Include="Source\Logger.h">
      <Filter>Source\other</Filter>
    </ClInclude>
    <ClInclude Include="Source\Mathf.h">
      <Filter>Source\other</Filter>
    </ClInclude>
    <ClInclude Include="Source\Misc.h">
      <Filter>Source\other</Filter>
    </ClInclude>
<<<<<<< HEAD
    <ClInclude Include="Source\Effect.h" />
    <ClInclude Include="Source\EffectManager.h" />
    <ClInclude Include="Source\SceneResult.h">
      <Filter>Source</Filter>
    </ClInclude>
    <ClInclude Include="Source\StageMain2.h">
      <Filter>Source</Filter>
    </ClInclude>
    <ClInclude Include="Source\SceneGame2.h">
      <Filter>Source</Filter>
    </ClInclude>
=======
>>>>>>> 15ba52e71945f78ccf3c31235c42291a5426d8e4
  </ItemGroup>
  <ItemGroup>
    <ClCompile Include="External\imgui\imgui.cpp">
      <Filter>External\imgui</Filter>
    </ClCompile>
    <ClCompile Include="External\imgui\imgui_demo.cpp">
      <Filter>External\imgui</Filter>
    </ClCompile>
    <ClCompile Include="External\imgui\imgui_draw.cpp">
      <Filter>External\imgui</Filter>
    </ClCompile>
    <ClCompile Include="External\imgui\imgui_widgets.cpp">
      <Filter>External\imgui</Filter>
    </ClCompile>
    <ClCompile Include="External\DirectXTex\WICTextureLoader.cpp">
      <Filter>External\DirectXTex</Filter>
    </ClCompile>
    <ClCompile Include="Source\Input\GamePad.cpp">
      <Filter>Source\Input</Filter>
    </ClCompile>
    <ClCompile Include="Source\Graphics\DebugRenderer.cpp">
      <Filter>Source\Graphics</Filter>
    </ClCompile>
    <ClCompile Include="Source\Graphics\Graphics.cpp">
      <Filter>Source\Graphics</Filter>
    </ClCompile>
    <ClCompile Include="Source\Graphics\ImGuiRenderer.cpp">
      <Filter>Source\Graphics</Filter>
    </ClCompile>
    <ClCompile Include="Source\Graphics\LambertShader.cpp">
      <Filter>Source\Graphics</Filter>
    </ClCompile>
    <ClCompile Include="Source\Graphics\Model.cpp">
      <Filter>Source\Graphics</Filter>
    </ClCompile>
    <ClCompile Include="Source\Graphics\ModelResource.cpp">
      <Filter>Source\Graphics</Filter>
    </ClCompile>
    <ClCompile Include="Source\Input\Input.cpp">
      <Filter>Source\Input</Filter>
    </ClCompile>
    <ClCompile Include="Source\Graphics\LineRenderer.cpp">
      <Filter>Source\Graphics</Filter>
    </ClCompile>
    <ClCompile Include="Source\Graphics\Sprite.cpp">
      <Filter>Source\Graphics</Filter>
    </ClCompile>
    <ClCompile Include="Source\Audio\Audio.cpp">
      <Filter>Source\Audio</Filter>
    </ClCompile>
    <ClCompile Include="Source\Audio\AudioResource.cpp">
      <Filter>Source\Audio</Filter>
    </ClCompile>
    <ClCompile Include="Source\Audio\AudioSource.cpp">
      <Filter>Source\Audio</Filter>
    </ClCompile>
    <ClCompile Include="Source\Input\Mouse.cpp">
      <Filter>Source\Input</Filter>
    </ClCompile>
    <ClCompile Include="Source\Camera.cpp">
      <Filter>Source\Camera</Filter>
    </ClCompile>
    <ClCompile Include="Source\CameraController.cpp">
      <Filter>Source\Camera</Filter>
    </ClCompile>
    <ClCompile Include="Source\Character.cpp">
      <Filter>Source\Character</Filter>
    </ClCompile>
    <ClCompile Include="Source\Enemy.cpp">
      <Filter>Source\Character</Filter>
    </ClCompile>
    <ClCompile Include="Source\EnemyManager.cpp">
      <Filter>Source\Character</Filter>
    </ClCompile>
    <ClCompile Include="Source\EnemySlime.cpp">
      <Filter>Source\Character</Filter>
    </ClCompile>
    <ClCompile Include="Source\Player.cpp">
      <Filter>Source\Character</Filter>
    </ClCompile>
    <ClCompile Include="Source\Projectile.cpp">
      <Filter>Source\Projectile</Filter>
    </ClCompile>
    <ClCompile Include="Source\ProjectileHoming.cpp">
      <Filter>Source\Projectile</Filter>
    </ClCompile>
    <ClCompile Include="Source\ProjectileManager.cpp">
      <Filter>Source\Projectile</Filter>
    </ClCompile>
    <ClCompile Include="Source\ProjectileStraight.cpp">
      <Filter>Source\Projectile</Filter>
    </ClCompile>
    <ClCompile Include="Source\SceneGame.cpp">
      <Filter>Source\Scene</Filter>
    </ClCompile>
    <ClCompile Include="Source\SceneLoading.cpp">
      <Filter>Source\Scene</Filter>
    </ClCompile>
    <ClCompile Include="Source\SceneManager.cpp">
      <Filter>Source\Scene</Filter>
    </ClCompile>
    <ClCompile Include="Source\SceneTitle.cpp">
      <Filter>Source\Scene</Filter>
    </ClCompile>
    <ClCompile Include="Source\Stage.cpp">
      <Filter>Source\Stage</Filter>
    </ClCompile>
    <ClCompile Include="Source\StageFind.cpp">
      <Filter>Source\Stage</Filter>
    </ClCompile>
    <ClCompile Include="Source\StageMain.cpp">
      <Filter>Source\Stage</Filter>
    </ClCompile>
    <ClCompile Include="Source\StageManager.cpp">
      <Filter>Source\Stage</Filter>
    </ClCompile>
    <ClCompile Include="Source\StageMoveFloor.cpp">
      <Filter>Source\Stage</Filter>
    </ClCompile>
    <ClCompile Include="Source\UI_Clock.cpp">
      <Filter>Source\UI</Filter>
    </ClCompile>
    <ClCompile Include="Source\UI_DisItems.cpp">
      <Filter>Source\UI</Filter>
    </ClCompile>
    <ClCompile Include="Source\UIManager.cpp">
      <Filter>Source\UI</Filter>
    </ClCompile>
    <ClCompile Include="Source\Effect.cpp">
      <Filter>Source\Effect</Filter>
    </ClCompile>
    <ClCompile Include="Source\EffectManager.cpp">
      <Filter>Source\Effect</Filter>
    </ClCompile>
    <ClCompile Include="Source\Collision.cpp">
      <Filter>Source\other</Filter>
    </ClCompile>
    <ClCompile Include="Source\Framework.cpp">
      <Filter>Source\other</Filter>
    </ClCompile>
    <ClCompile Include="Source\Logger.cpp">
      <Filter>Source\other</Filter>
    </ClCompile>
    <ClCompile Include="Source\Main.cpp">
      <Filter>Source\other</Filter>
    </ClCompile>
    <ClCompile Include="Source\Mathf.cpp">
      <Filter>Source\other</Filter>
    </ClCompile>
    <ClCompile Include="Source\SceneResult.cpp">
      <Filter>Source</Filter>
    </ClCompile>
    <ClCompile Include="Source\StageMain2.cpp">
      <Filter>Source</Filter>
    </ClCompile>
    <ClCompile Include="Source\SceneGame2.cpp">
      <Filter>Source</Filter>
    </ClCompile>
  </ItemGroup>
  <ItemGroup>
    <None Include="HLSL\Debug.hlsli">
      <Filter>HLSL</Filter>
    </None>
    <None Include="HLSL\ImGui.hlsli">
      <Filter>HLSL</Filter>
    </None>
    <None Include="HLSL\Lambert.hlsli">
      <Filter>HLSL</Filter>
    </None>
    <None Include="HLSL\Line.hlsli">
      <Filter>HLSL</Filter>
    </None>
    <None Include="HLSL\Sprite.hlsli">
      <Filter>HLSL</Filter>
    </None>
  </ItemGroup>
  <ItemGroup>
    <FxCompile Include="HLSL\DebugPS.hlsl">
      <Filter>HLSL</Filter>
    </FxCompile>
    <FxCompile Include="HLSL\DebugVS.hlsl">
      <Filter>HLSL</Filter>
    </FxCompile>
    <FxCompile Include="HLSL\ImGuiPS.hlsl">
      <Filter>HLSL</Filter>
    </FxCompile>
    <FxCompile Include="HLSL\ImGuiVS.hlsl">
      <Filter>HLSL</Filter>
    </FxCompile>
    <FxCompile Include="HLSL\LambertPS.hlsl">
      <Filter>HLSL</Filter>
    </FxCompile>
    <FxCompile Include="HLSL\LambertVS.hlsl">
      <Filter>HLSL</Filter>
    </FxCompile>
    <FxCompile Include="HLSL\LineVS.hlsl">
      <Filter>HLSL</Filter>
    </FxCompile>
    <FxCompile Include="HLSL\LinePS.hlsl">
      <Filter>HLSL</Filter>
    </FxCompile>
    <FxCompile Include="HLSL\SpriteVS.hlsl">
      <Filter>HLSL</Filter>
    </FxCompile>
    <FxCompile Include="HLSL\SpritePS.hlsl">
      <Filter>HLSL</Filter>
    </FxCompile>
  </ItemGroup>
</Project>